
Microsoft Visual Studio Solution File, Format Version 12.00
# Visual Studio 15
VisualStudioVersion = 15.0.27130.2003
MinimumVisualStudioVersion = 10.0.40219.1
Project("{FAE04EC0-301F-11D3-BF4B-00C04F79EFBC}") = "TypingGame", "TypingGame\TypingGame.csproj", "{2F41870B-BEAC-412A-9E60-A4A9C4380CCE}"
EndProject
Global
	GlobalSection(SolutionConfigurationPlatforms) = preSolution
		Debug|Any CPU = Debug|Any CPU
		Release|Any CPU = Release|Any CPU
	EndGlobalSection
	GlobalSection(ProjectConfigurationPlatforms) = postSolution
		{2F41870B-BEAC-412A-9E60-A4A9C4380CCE}.Debug|Any CPU.ActiveCfg = Debug|Any CPU
		{2F41870B-BEAC-412A-9E60-A4A9C4380CCE}.Debug|Any CPU.Build.0 = Debug|Any CPU
		{2F41870B-BEAC-412A-9E60-A4A9C4380CCE}.Release|Any CPU.ActiveCfg = Release|Any CPU
		{2F41870B-BEAC-412A-9E60-A4A9C4380CCE}.Release|Any CPU.Build.0 = Release|Any CPU
	EndGlobalSection
	GlobalSection(SolutionProperties) = preSolution
		HideSolutionNode = FALSE
	EndGlobalSection
	GlobalSection(ExtensibilityGlobals) = postSolution
		SolutionGuid = {0F851975-63E1-47C3-8CA0-FA0F6DD36952}
	EndGlobalSection
EndGlobal
